
Microsoft Visual Studio Solution File, Format Version 12.00
# Visual Studio 2012
Project("{FAE04EC0-301F-11D3-BF4B-00C04F79EFBC}") = "PrimitiveDataTypes", "PrimitiveDataTypes\PrimitiveDataTypes.csproj", "{9E9A5335-0E2E-4A69-A913-14031842A4BC}"
EndProject
Global
	GlobalSection(SolutionConfigurationPlatforms) = preSolution
		Debug|Any CPU = Debug|Any CPU
		Release|Any CPU = Release|Any CPU
	EndGlobalSection
	GlobalSection(ProjectConfigurationPlatforms) = postSolution
		{9E9A5335-0E2E-4A69-A913-14031842A4BC}.Debug|Any CPU.ActiveCfg = Debug|Any CPU
		{9E9A5335-0E2E-4A69-A913-14031842A4BC}.Debug|Any CPU.Build.0 = Debug|Any CPU
		{9E9A5335-0E2E-4A69-A913-14031842A4BC}.Release|Any CPU.ActiveCfg = Release|Any CPU
		{9E9A5335-0E2E-4A69-A913-14031842A4BC}.Release|Any CPU.Build.0 = Release|Any CPU
	EndGlobalSection
	GlobalSection(SolutionProperties) = preSolution
		HideSolutionNode = FALSE
	EndGlobalSection
EndGlobal
